
Microsoft Visual Studio Solution File, Format Version 12.00
# Visual Studio 15
VisualStudioVersion = 15.0.26124.0
MinimumVisualStudioVersion = 15.0.26124.0
Project("{2150E333-8FDC-42A3-9474-1A3956D46DE8}") = "Computer.V2", "Computer.V2", "{3D704219-3840-4AC0-AAD1-CA08FFB54DBF}"
EndProject
Project("{FAE04EC0-301F-11D3-BF4B-00C04F79EFBC}") = "Computer.V2.Lib", "Computer.V2\Computer.V2.Lib\Computer.V2.Lib.csproj", "{34BC542B-38A9-4BE6-8C30-B9F6F2E91FCC}"
EndProject
Global
	GlobalSection(SolutionConfigurationPlatforms) = preSolution
		Debug|Any CPU = Debug|Any CPU
		Debug|x64 = Debug|x64
		Debug|x86 = Debug|x86
		Release|Any CPU = Release|Any CPU
		Release|x64 = Release|x64
		Release|x86 = Release|x86
	EndGlobalSection
	GlobalSection(SolutionProperties) = preSolution
		HideSolutionNode = FALSE
	EndGlobalSection
	GlobalSection(ProjectConfigurationPlatforms) = postSolution
		{34BC542B-38A9-4BE6-8C30-B9F6F2E91FCC}.Debug|Any CPU.ActiveCfg = Debug|Any CPU
		{34BC542B-38A9-4BE6-8C30-B9F6F2E91FCC}.Debug|Any CPU.Build.0 = Debug|Any CPU
		{34BC542B-38A9-4BE6-8C30-B9F6F2E91FCC}.Debug|x64.ActiveCfg = Debug|Any CPU
		{34BC542B-38A9-4BE6-8C30-B9F6F2E91FCC}.Debug|x64.Build.0 = Debug|Any CPU
		{34BC542B-38A9-4BE6-8C30-B9F6F2E91FCC}.Debug|x86.ActiveCfg = Debug|Any CPU
		{34BC542B-38A9-4BE6-8C30-B9F6F2E91FCC}.Debug|x86.Build.0 = Debug|Any CPU
		{34BC542B-38A9-4BE6-8C30-B9F6F2E91FCC}.Release|Any CPU.ActiveCfg = Release|Any CPU
		{34BC542B-38A9-4BE6-8C30-B9F6F2E91FCC}.Release|Any CPU.Build.0 = Release|Any CPU
		{34BC542B-38A9-4BE6-8C30-B9F6F2E91FCC}.Release|x64.ActiveCfg = Release|Any CPU
		{34BC542B-38A9-4BE6-8C30-B9F6F2E91FCC}.Release|x64.Build.0 = Release|Any CPU
		{34BC542B-38A9-4BE6-8C30-B9F6F2E91FCC}.Release|x86.ActiveCfg = Release|Any CPU
		{34BC542B-38A9-4BE6-8C30-B9F6F2E91FCC}.Release|x86.Build.0 = Release|Any CPU
	EndGlobalSection
	GlobalSection(NestedProjects) = preSolution
		{34BC542B-38A9-4BE6-8C30-B9F6F2E91FCC} = {3D704219-3840-4AC0-AAD1-CA08FFB54DBF}
	EndGlobalSection
EndGlobal
